
Microsoft Visual Studio Solution File, Format Version 12.00
# Visual Studio Version 16
VisualStudioVersion = 16.0.30523.141
MinimumVisualStudioVersion = 10.0.40219.1
Project("{FAE04EC0-301F-11D3-BF4B-00C04F79EFBC}") = "Pool 2, ex 9", "Pool 2, ex 9.csproj", "{2B05ACA7-2EB2-493F-9477-55EAB98050DD}"
EndProject
Global
	GlobalSection(SolutionConfigurationPlatforms) = preSolution
		Debug|Any CPU = Debug|Any CPU
		Release|Any CPU = Release|Any CPU
	EndGlobalSection
	GlobalSection(ProjectConfigurationPlatforms) = postSolution
		{2B05ACA7-2EB2-493F-9477-55EAB98050DD}.Debug|Any CPU.ActiveCfg = Debug|Any CPU
		{2B05ACA7-2EB2-493F-9477-55EAB98050DD}.Debug|Any CPU.Build.0 = Debug|Any CPU
		{2B05ACA7-2EB2-493F-9477-55EAB98050DD}.Release|Any CPU.ActiveCfg = Release|Any CPU
		{2B05ACA7-2EB2-493F-9477-55EAB98050DD}.Release|Any CPU.Build.0 = Release|Any CPU
	EndGlobalSection
	GlobalSection(SolutionProperties) = preSolution
		HideSolutionNode = FALSE
	EndGlobalSection
	GlobalSection(ExtensibilityGlobals) = postSolution
		SolutionGuid = {4B944D62-549D-4212-9AE0-563D5212057D}
	EndGlobalSection
EndGlobal
