
Microsoft Visual Studio Solution File, Format Version 12.00
# Visual Studio Version 16
VisualStudioVersion = 16.0.30523.141
MinimumVisualStudioVersion = 10.0.40219.1
Project("{FAE04EC0-301F-11D3-BF4B-00C04F79EFBC}") = "Pool 2 exercitiul 1", "Pool 2 exercitiul 1.csproj", "{4791CD3A-8F4D-404A-8141-8500EE91FD2E}"
EndProject
Global
	GlobalSection(SolutionConfigurationPlatforms) = preSolution
		Debug|Any CPU = Debug|Any CPU
		Release|Any CPU = Release|Any CPU
	EndGlobalSection
	GlobalSection(ProjectConfigurationPlatforms) = postSolution
		{4791CD3A-8F4D-404A-8141-8500EE91FD2E}.Debug|Any CPU.ActiveCfg = Debug|Any CPU
		{4791CD3A-8F4D-404A-8141-8500EE91FD2E}.Debug|Any CPU.Build.0 = Debug|Any CPU
		{4791CD3A-8F4D-404A-8141-8500EE91FD2E}.Release|Any CPU.ActiveCfg = Release|Any CPU
		{4791CD3A-8F4D-404A-8141-8500EE91FD2E}.Release|Any CPU.Build.0 = Release|Any CPU
	EndGlobalSection
	GlobalSection(SolutionProperties) = preSolution
		HideSolutionNode = FALSE
	EndGlobalSection
	GlobalSection(ExtensibilityGlobals) = postSolution
		SolutionGuid = {22C9D772-C00C-4EC8-B945-11309132C2C2}
	EndGlobalSection
EndGlobal
