
Microsoft Visual Studio Solution File, Format Version 12.00
# Visual Studio Version 16
VisualStudioVersion = 16.0.30523.141
MinimumVisualStudioVersion = 10.0.40219.1
Project("{FAE04EC0-301F-11D3-BF4B-00C04F79EFBC}") = "Ex lab incep", "Ex lab incep.csproj", "{27D3CCC3-0500-410D-A2F1-1908CBEFB85E}"
EndProject
Global
	GlobalSection(SolutionConfigurationPlatforms) = preSolution
		Debug|Any CPU = Debug|Any CPU
		Release|Any CPU = Release|Any CPU
	EndGlobalSection
	GlobalSection(ProjectConfigurationPlatforms) = postSolution
		{27D3CCC3-0500-410D-A2F1-1908CBEFB85E}.Debug|Any CPU.ActiveCfg = Debug|Any CPU
		{27D3CCC3-0500-410D-A2F1-1908CBEFB85E}.Debug|Any CPU.Build.0 = Debug|Any CPU
		{27D3CCC3-0500-410D-A2F1-1908CBEFB85E}.Release|Any CPU.ActiveCfg = Release|Any CPU
		{27D3CCC3-0500-410D-A2F1-1908CBEFB85E}.Release|Any CPU.Build.0 = Release|Any CPU
	EndGlobalSection
	GlobalSection(SolutionProperties) = preSolution
		HideSolutionNode = FALSE
	EndGlobalSection
	GlobalSection(ExtensibilityGlobals) = postSolution
		SolutionGuid = {BE1EB946-F39D-45D4-8A16-C170A151CF64}
	EndGlobalSection
EndGlobal
