
Microsoft Visual Studio Solution File, Format Version 12.00
# Visual Studio Version 16
VisualStudioVersion = 16.0.30523.141
MinimumVisualStudioVersion = 10.0.40219.1
Project("{FAE04EC0-301F-11D3-BF4B-00C04F79EFBC}") = "Pool 2, ex 5, 6, 7", "Pool 2, ex 5, 6, 7.csproj", "{C129E1F2-8A76-40C5-B836-9E434E9EBD59}"
EndProject
Global
	GlobalSection(SolutionConfigurationPlatforms) = preSolution
		Debug|Any CPU = Debug|Any CPU
		Release|Any CPU = Release|Any CPU
	EndGlobalSection
	GlobalSection(ProjectConfigurationPlatforms) = postSolution
		{C129E1F2-8A76-40C5-B836-9E434E9EBD59}.Debug|Any CPU.ActiveCfg = Debug|Any CPU
		{C129E1F2-8A76-40C5-B836-9E434E9EBD59}.Debug|Any CPU.Build.0 = Debug|Any CPU
		{C129E1F2-8A76-40C5-B836-9E434E9EBD59}.Release|Any CPU.ActiveCfg = Release|Any CPU
		{C129E1F2-8A76-40C5-B836-9E434E9EBD59}.Release|Any CPU.Build.0 = Release|Any CPU
	EndGlobalSection
	GlobalSection(SolutionProperties) = preSolution
		HideSolutionNode = FALSE
	EndGlobalSection
	GlobalSection(ExtensibilityGlobals) = postSolution
		SolutionGuid = {9B653137-6B2D-4D64-AB27-7A817DF18F42}
	EndGlobalSection
EndGlobal
