
Microsoft Visual Studio Solution File, Format Version 12.00
# Visual Studio Version 16
VisualStudioVersion = 16.0.30523.141
MinimumVisualStudioVersion = 10.0.40219.1
Project("{FAE04EC0-301F-11D3-BF4B-00C04F79EFBC}") = "Pool 2, ex 4", "Pool 2, ex 4.csproj", "{0CAEAF7B-0532-43E2-AF9E-7372EB6129ED}"
EndProject
Global
	GlobalSection(SolutionConfigurationPlatforms) = preSolution
		Debug|Any CPU = Debug|Any CPU
		Release|Any CPU = Release|Any CPU
	EndGlobalSection
	GlobalSection(ProjectConfigurationPlatforms) = postSolution
		{0CAEAF7B-0532-43E2-AF9E-7372EB6129ED}.Debug|Any CPU.ActiveCfg = Debug|Any CPU
		{0CAEAF7B-0532-43E2-AF9E-7372EB6129ED}.Debug|Any CPU.Build.0 = Debug|Any CPU
		{0CAEAF7B-0532-43E2-AF9E-7372EB6129ED}.Release|Any CPU.ActiveCfg = Release|Any CPU
		{0CAEAF7B-0532-43E2-AF9E-7372EB6129ED}.Release|Any CPU.Build.0 = Release|Any CPU
	EndGlobalSection
	GlobalSection(SolutionProperties) = preSolution
		HideSolutionNode = FALSE
	EndGlobalSection
	GlobalSection(ExtensibilityGlobals) = postSolution
		SolutionGuid = {6B838838-5EC6-4E72-A159-0BF1213C3E64}
	EndGlobalSection
EndGlobal
