
Microsoft Visual Studio Solution File, Format Version 12.00
# Visual Studio Version 16
VisualStudioVersion = 16.0.30523.141
MinimumVisualStudioVersion = 10.0.40219.1
Project("{FAE04EC0-301F-11D3-BF4B-00C04F79EFBC}") = "ConsoleApp1", "ConsoleApp1.csproj", "{BB2AE280-A537-4D7A-983E-532A28C30AAE}"
EndProject
Global
	GlobalSection(SolutionConfigurationPlatforms) = preSolution
		Debug|Any CPU = Debug|Any CPU
		Release|Any CPU = Release|Any CPU
	EndGlobalSection
	GlobalSection(ProjectConfigurationPlatforms) = postSolution
		{BB2AE280-A537-4D7A-983E-532A28C30AAE}.Debug|Any CPU.ActiveCfg = Debug|Any CPU
		{BB2AE280-A537-4D7A-983E-532A28C30AAE}.Debug|Any CPU.Build.0 = Debug|Any CPU
		{BB2AE280-A537-4D7A-983E-532A28C30AAE}.Release|Any CPU.ActiveCfg = Release|Any CPU
		{BB2AE280-A537-4D7A-983E-532A28C30AAE}.Release|Any CPU.Build.0 = Release|Any CPU
	EndGlobalSection
	GlobalSection(SolutionProperties) = preSolution
		HideSolutionNode = FALSE
	EndGlobalSection
	GlobalSection(ExtensibilityGlobals) = postSolution
		SolutionGuid = {9180306F-FE2F-45AD-A635-017E88F0329B}
	EndGlobalSection
EndGlobal
